
Microsoft Visual Studio Solution File, Format Version 12.00
# Visual Studio Version 17
VisualStudioVersion = 17.11.35303.130
MinimumVisualStudioVersion = 10.0.40219.1
Project("{9A19103F-16F7-4668-BE54-9A1E7A4F7556}") = "AbhinavProtfolio", "AbhinavProtfolio.csproj", "{37832F62-F923-4EF5-BF8F-CAF71BCBB2CC}"
EndProject
Global
	GlobalSection(SolutionConfigurationPlatforms) = preSolution
		Debug|Any CPU = Debug|Any CPU
		Release|Any CPU = Release|Any CPU
	EndGlobalSection
	GlobalSection(ProjectConfigurationPlatforms) = postSolution
		{37832F62-F923-4EF5-BF8F-CAF71BCBB2CC}.Debug|Any CPU.ActiveCfg = Debug|Any CPU
		{37832F62-F923-4EF5-BF8F-CAF71BCBB2CC}.Debug|Any CPU.Build.0 = Debug|Any CPU
		{37832F62-F923-4EF5-BF8F-CAF71BCBB2CC}.Release|Any CPU.ActiveCfg = Release|Any CPU
		{37832F62-F923-4EF5-BF8F-CAF71BCBB2CC}.Release|Any CPU.Build.0 = Release|Any CPU
	EndGlobalSection
	GlobalSection(SolutionProperties) = preSolution
		HideSolutionNode = FALSE
	EndGlobalSection
	GlobalSection(ExtensibilityGlobals) = postSolution
		SolutionGuid = {4F680A51-B61E-4C17-A448-207B90AA41B1}
	EndGlobalSection
EndGlobal
